
Microsoft Visual Studio Solution File, Format Version 12.00
# Visual Studio Version 17
VisualStudioVersion = 17.14.36202.13 d17.14
MinimumVisualStudioVersion = 10.0.40219.1
Project("{FAE04EC0-301F-11D3-BF4B-00C04F79EFBC}") = "ConsoleProject", "ConsoleProject\ConsoleProject.csproj", "{11F72385-2A03-4CE7-9523-314C562A3F40}"
EndProject
Global
	GlobalSection(SolutionConfigurationPlatforms) = preSolution
		Debug|Any CPU = Debug|Any CPU
		Release|Any CPU = Release|Any CPU
	EndGlobalSection
	GlobalSection(ProjectConfigurationPlatforms) = postSolution
		{11F72385-2A03-4CE7-9523-314C562A3F40}.Debug|Any CPU.ActiveCfg = Debug|Any CPU
		{11F72385-2A03-4CE7-9523-314C562A3F40}.Debug|Any CPU.Build.0 = Debug|Any CPU
		{11F72385-2A03-4CE7-9523-314C562A3F40}.Release|Any CPU.ActiveCfg = Release|Any CPU
		{11F72385-2A03-4CE7-9523-314C562A3F40}.Release|Any CPU.Build.0 = Release|Any CPU
	EndGlobalSection
	GlobalSection(SolutionProperties) = preSolution
		HideSolutionNode = FALSE
	EndGlobalSection
	GlobalSection(ExtensibilityGlobals) = postSolution
		SolutionGuid = {5013C785-4451-46ED-B302-1373C2A7E7C1}
	EndGlobalSection
EndGlobal
